// !$*UTF8*$!
{
	archiveVersion = 1;
	classes = {
	};
	objectVersion = 56;
	objects = {

/* Begin PBXBuildFile section */
		7226FA5A2C22D8A000226D79 /* NetworkModule.docc in Sources */ = {isa = PBXBuildFile; fileRef = 7226FA592C22D8A000226D79 /* NetworkModule.docc */; };
		7226FA602C22D8A000226D79 /* NetworkModule.framework in Frameworks */ = {isa = PBXBuildFile; fileRef = 7226FA552C22D8A000226D79 /* NetworkModule.framework */; };
		7226FA652C22D8A000226D79 /* NetworkModuleTests.swift in Sources */ = {isa = PBXBuildFile; fileRef = 7226FA642C22D8A000226D79 /* NetworkModuleTests.swift */; };
		7226FA662C22D8A000226D79 /* NetworkModule.h in Headers */ = {isa = PBXBuildFile; fileRef = 7226FA582C22D8A000226D79 /* NetworkModule.h */; settings = {ATTRIBUTES = (Public, ); }; };
		7226FA712C22DA2A00226D79 /* BaseAPI.swift in Sources */ = {isa = PBXBuildFile; fileRef = 7226FA702C22DA2A00226D79 /* BaseAPI.swift */; };
		7226FA732C22DB6900226D79 /* APIError.swift in Sources */ = {isa = PBXBuildFile; fileRef = 7226FA722C22DB6900226D79 /* APIError.swift */; };
		7226FA752C22DBA200226D79 /* BaseResponse.swift in Sources */ = {isa = PBXBuildFile; fileRef = 7226FA742C22DBA200226D79 /* BaseResponse.swift */; };
		7226FA772C22DBBC00226D79 /* HTTPMethod.swift in Sources */ = {isa = PBXBuildFile; fileRef = 7226FA762C22DBBC00226D79 /* HTTPMethod.swift */; };
		7226FA792C22DBE200226D79 /* ServiceContext.swift in Sources */ = {isa = PBXBuildFile; fileRef = 7226FA782C22DBE200226D79 /* ServiceContext.swift */; };
		903452EDDE5D6C8383C7D615 /* Pods_iOSExerciseBNI_NetworkModule.framework in Frameworks */ = {isa = PBXBuildFile; fileRef = 9BC0A72715FFD61546199972 /* Pods_iOSExerciseBNI_NetworkModule.framework */; };
/* End PBXBuildFile section */

/* Begin PBXContainerItemProxy section */
		7226FA612C22D8A000226D79 /* PBXContainerItemProxy */ = {
			isa = PBXContainerItemProxy;
			containerPortal = 7226FA4C2C22D8A000226D79 /* Project object */;
			proxyType = 1;
			remoteGlobalIDString = 7226FA542C22D8A000226D79;
			remoteInfo = NetworkModule;
		};
/* End PBXContainerItemProxy section */

/* Begin PBXFileReference section */
		7226FA552C22D8A000226D79 /* NetworkModule.framework */ = {isa = PBXFileReference; explicitFileType = wrapper.framework; includeInIndex = 0; path = NetworkModule.framework; sourceTree = BUILT_PRODUCTS_DIR; };
		7226FA582C22D8A000226D79 /* NetworkModule.h */ = {isa = PBXFileReference; lastKnownFileType = sourcecode.c.h; path = NetworkModule.h; sourceTree = "<group>"; };
		7226FA592C22D8A000226D79 /* NetworkModule.docc */ = {isa = PBXFileReference; lastKnownFileType = folder.documentationcatalog; path = NetworkModule.docc; sourceTree = "<group>"; };
		7226FA5F2C22D8A000226D79 /* NetworkModuleTests.xctest */ = {isa = PBXFileReference; explicitFileType = wrapper.cfbundle; includeInIndex = 0; path = NetworkModuleTests.xctest; sourceTree = BUILT_PRODUCTS_DIR; };
		7226FA642C22D8A000226D79 /* NetworkModuleTests.swift */ = {isa = PBXFileReference; lastKnownFileType = sourcecode.swift; path = NetworkModuleTests.swift; sourceTree = "<group>"; };
		7226FA702C22DA2A00226D79 /* BaseAPI.swift */ = {isa = PBXFileReference; lastKnownFileType = sourcecode.swift; path = BaseAPI.swift; sourceTree = "<group>"; };
		7226FA722C22DB6900226D79 /* APIError.swift */ = {isa = PBXFileReference; lastKnownFileType = sourcecode.swift; path = APIError.swift; sourceTree = "<group>"; };
		7226FA742C22DBA200226D79 /* BaseResponse.swift */ = {isa = PBXFileReference; lastKnownFileType = sourcecode.swift; path = BaseResponse.swift; sourceTree = "<group>"; };
		7226FA762C22DBBC00226D79 /* HTTPMethod.swift */ = {isa = PBXFileReference; lastKnownFileType = sourcecode.swift; path = HTTPMethod.swift; sourceTree = "<group>"; };
		7226FA782C22DBE200226D79 /* ServiceContext.swift */ = {isa = PBXFileReference; lastKnownFileType = sourcecode.swift; path = ServiceContext.swift; sourceTree = "<group>"; };
		7AD36ECF1CA113DFD68E7FE7 /* Pods-iOSExerciseBNI-NetworkModule.release.xcconfig */ = {isa = PBXFileReference; includeInIndex = 1; lastKnownFileType = text.xcconfig; name = "Pods-iOSExerciseBNI-NetworkModule.release.xcconfig"; path = "Target Support Files/Pods-iOSExerciseBNI-NetworkModule/Pods-iOSExerciseBNI-NetworkModule.release.xcconfig"; sourceTree = "<group>"; };
		9BC0A72715FFD61546199972 /* Pods_iOSExerciseBNI_NetworkModule.framework */ = {isa = PBXFileReference; explicitFileType = wrapper.framework; includeInIndex = 0; path = Pods_iOSExerciseBNI_NetworkModule.framework; sourceTree = BUILT_PRODUCTS_DIR; };
		B189B9887B2269132D0C1C3E /* Pods-iOSExerciseBNI-NetworkModule.debug.xcconfig */ = {isa = PBXFileReference; includeInIndex = 1; lastKnownFileType = text.xcconfig; name = "Pods-iOSExerciseBNI-NetworkModule.debug.xcconfig"; path = "Target Support Files/Pods-iOSExerciseBNI-NetworkModule/Pods-iOSExerciseBNI-NetworkModule.debug.xcconfig"; sourceTree = "<group>"; };
/* End PBXFileReference section */

/* Begin PBXFrameworksBuildPhase section */
		7226FA522C22D8A000226D79 /* Frameworks */ = {
			isa = PBXFrameworksBuildPhase;
			buildActionMask = 2147483647;
			files = (
				903452EDDE5D6C8383C7D615 /* Pods_iOSExerciseBNI_NetworkModule.framework in Frameworks */,
			);
			runOnlyForDeploymentPostprocessing = 0;
		};
		7226FA5C2C22D8A000226D79 /* Frameworks */ = {
			isa = PBXFrameworksBuildPhase;
			buildActionMask = 2147483647;
			files = (
				7226FA602C22D8A000226D79 /* NetworkModule.framework in Frameworks */,
			);
			runOnlyForDeploymentPostprocessing = 0;
		};
/* End PBXFrameworksBuildPhase section */

/* Begin PBXGroup section */
		143280A2E5A0D4B9F82AE67C /* Frameworks */ = {
			isa = PBXGroup;
			children = (
				9BC0A72715FFD61546199972 /* Pods_iOSExerciseBNI_NetworkModule.framework */,
			);
			name = Frameworks;
			sourceTree = "<group>";
		};
		241A62B1E0A840B53B9A0172 /* Pods */ = {
			isa = PBXGroup;
			children = (
				B189B9887B2269132D0C1C3E /* Pods-iOSExerciseBNI-NetworkModule.debug.xcconfig */,
				7AD36ECF1CA113DFD68E7FE7 /* Pods-iOSExerciseBNI-NetworkModule.release.xcconfig */,
			);
			name = Pods;
			path = ../../Pods;
			sourceTree = "<group>";
		};
		7226FA4B2C22D8A000226D79 = {
			isa = PBXGroup;
			children = (
				7226FA572C22D8A000226D79 /* NetworkModule */,
				7226FA632C22D8A000226D79 /* NetworkModuleTests */,
				7226FA562C22D8A000226D79 /* Products */,
				241A62B1E0A840B53B9A0172 /* Pods */,
				143280A2E5A0D4B9F82AE67C /* Frameworks */,
			);
			sourceTree = "<group>";
		};
		7226FA562C22D8A000226D79 /* Products */ = {
			isa = PBXGroup;
			children = (
				7226FA552C22D8A000226D79 /* NetworkModule.framework */,
				7226FA5F2C22D8A000226D79 /* NetworkModuleTests.xctest */,
			);
			name = Products;
			sourceTree = "<group>";
		};
		7226FA572C22D8A000226D79 /* NetworkModule */ = {
			isa = PBXGroup;
			children = (
				7226FA6F2C22D8AB00226D79 /* Source */,
				7226FA582C22D8A000226D79 /* NetworkModule.h */,
				7226FA592C22D8A000226D79 /* NetworkModule.docc */,
			);
			path = NetworkModule;
			sourceTree = "<group>";
		};
		7226FA632C22D8A000226D79 /* NetworkModuleTests */ = {
			isa = PBXGroup;
			children = (
				7226FA642C22D8A000226D79 /* NetworkModuleTests.swift */,
			);
			path = NetworkModuleTests;
			sourceTree = "<group>";
		};
		7226FA6F2C22D8AB00226D79 /* Source */ = {
			isa = PBXGroup;
			children = (
				7226FA702C22DA2A00226D79 /* BaseAPI.swift */,
				7226FA742C22DBA200226D79 /* BaseResponse.swift */,
				7226FA762C22DBBC00226D79 /* HTTPMethod.swift */,
				7226FA782C22DBE200226D79 /* ServiceContext.swift */,
				7226FA722C22DB6900226D79 /* APIError.swift */,
			);
			path = Source;
			sourceTree = "<group>";
		};
/* End PBXGroup section */

/* Begin PBXHeadersBuildPhase section */
		7226FA502C22D8A000226D79 /* Headers */ = {
			isa = PBXHeadersBuildPhase;
			buildActionMask = 2147483647;
			files = (
				7226FA662C22D8A000226D79 /* NetworkModule.h in Headers */,
			);
			runOnlyForDeploymentPostprocessing = 0;
		};
/* End PBXHeadersBuildPhase section */

/* Begin PBXNativeTarget section */
		7226FA542C22D8A000226D79 /* NetworkModule */ = {
			isa = PBXNativeTarget;
			buildConfigurationList = 7226FA692C22D8A000226D79 /* Build configuration list for PBXNativeTarget "NetworkModule" */;
			buildPhases = (
				415902CE279840FA7FA1631C /* [CP] Check Pods Manifest.lock */,
				7226FA502C22D8A000226D79 /* Headers */,
				7226FA512C22D8A000226D79 /* Sources */,
				7226FA522C22D8A000226D79 /* Frameworks */,
				7226FA532C22D8A000226D79 /* Resources */,
			);
			buildRules = (
			);
			dependencies = (
			);
			name = NetworkModule;
			productName = NetworkModule;
			productReference = 7226FA552C22D8A000226D79 /* NetworkModule.framework */;
			productType = "com.apple.product-type.framework";
		};
		7226FA5E2C22D8A000226D79 /* NetworkModuleTests */ = {
			isa = PBXNativeTarget;
			buildConfigurationList = 7226FA6C2C22D8A000226D79 /* Build configuration list for PBXNativeTarget "NetworkModuleTests" */;
			buildPhases = (
				7226FA5B2C22D8A000226D79 /* Sources */,
				7226FA5C2C22D8A000226D79 /* Frameworks */,
				7226FA5D2C22D8A000226D79 /* Resources */,
			);
			buildRules = (
			);
			dependencies = (
				7226FA622C22D8A000226D79 /* PBXTargetDependency */,
			);
			name = NetworkModuleTests;
			productName = NetworkModuleTests;
			productReference = 7226FA5F2C22D8A000226D79 /* NetworkModuleTests.xctest */;
			productType = "com.apple.product-type.bundle.unit-test";
		};
/* End PBXNativeTarget section */

/* Begin PBXProject section */
		7226FA4C2C22D8A000226D79 /* Project object */ = {
			isa = PBXProject;
			attributes = {
				BuildIndependentTargetsInParallel = 1;
				LastSwiftUpdateCheck = 1540;
				LastUpgradeCheck = 1540;
				TargetAttributes = {
					7226FA542C22D8A000226D79 = {
						CreatedOnToolsVersion = 15.4;
					};
					7226FA5E2C22D8A000226D79 = {
						CreatedOnToolsVersion = 15.4;
					};
				};
			};
			buildConfigurationList = 7226FA4F2C22D8A000226D79 /* Build configuration list for PBXProject "NetworkModule" */;
			compatibilityVersion = "Xcode 14.0";
			developmentRegion = en;
			hasScannedForEncodings = 0;
			knownRegions = (
				en,
				Base,
			);
			mainGroup = 7226FA4B2C22D8A000226D79;
			productRefGroup = 7226FA562C22D8A000226D79 /* Products */;
			projectDirPath = "";
			projectRoot = "";
			targets = (
				7226FA542C22D8A000226D79 /* NetworkModule */,
				7226FA5E2C22D8A000226D79 /* NetworkModuleTests */,
			);
		};
/* End PBXProject section */

/* Begin PBXResourcesBuildPhase section */
		7226FA532C22D8A000226D79 /* Resources */ = {
			isa = PBXResourcesBuildPhase;
			buildActionMask = 2147483647;
			files = (
			);
			runOnlyForDeploymentPostprocessing = 0;
		};
		7226FA5D2C22D8A000226D79 /* Resources */ = {
			isa = PBXResourcesBuildPhase;
			buildActionMask = 2147483647;
			files = (
			);
			runOnlyForDeploymentPostprocessing = 0;
		};
/* End PBXResourcesBuildPhase section */

/* Begin PBXShellScriptBuildPhase section */
		415902CE279840FA7FA1631C /* [CP] Check Pods Manifest.lock */ = {
			isa = PBXShellScriptBuildPhase;
			buildActionMask = 2147483647;
			files = (
			);
			inputFileListPaths = (
			);
			inputPaths = (
				"${PODS_PODFILE_DIR_PATH}/Podfile.lock",
				"${PODS_ROOT}/Manifest.lock",
			);
			name = "[CP] Check Pods Manifest.lock";
			outputFileListPaths = (
			);
			outputPaths = (
				"$(DERIVED_FILE_DIR)/Pods-iOSExerciseBNI-NetworkModule-checkManifestLockResult.txt",
			);
			runOnlyForDeploymentPostprocessing = 0;
			shellPath = /bin/sh;
			shellScript = "diff \"${PODS_PODFILE_DIR_PATH}/Podfile.lock\" \"${PODS_ROOT}/Manifest.lock\" > /dev/null\nif [ $? != 0 ] ; then\n    # print error to STDERR\n    echo \"error: The sandbox is not in sync with the Podfile.lock. Run 'pod install' or update your CocoaPods installation.\" >&2\n    exit 1\nfi\n# This output is used by Xcode 'outputs' to avoid re-running this script phase.\necho \"SUCCESS\" > \"${SCRIPT_OUTPUT_FILE_0}\"\n";
			showEnvVarsInLog = 0;
		};
/* End PBXShellScriptBuildPhase section */

/* Begin PBXSourcesBuildPhase section */
		7226FA512C22D8A000226D79 /* Sources */ = {
			isa = PBXSourcesBuildPhase;
			buildActionMask = 2147483647;
			files = (
				7226FA5A2C22D8A000226D79 /* NetworkModule.docc in Sources */,
				7226FA792C22DBE200226D79 /* ServiceContext.swift in Sources */,
				7226FA712C22DA2A00226D79 /* BaseAPI.swift in Sources */,
				7226FA732C22DB6900226D79 /* APIError.swift in Sources */,
				7226FA772C22DBBC00226D79 /* HTTPMethod.swift in Sources */,
				7226FA752C22DBA200226D79 /* BaseResponse.swift in Sources */,
			);
			runOnlyForDeploymentPostprocessing = 0;
		};
		7226FA5B2C22D8A000226D79 /* Sources */ = {
			isa = PBXSourcesBuildPhase;
			buildActionMask = 2147483647;
			files = (
				7226FA652C22D8A000226D79 /* NetworkModuleTests.swift in Sources */,
			);
			runOnlyForDeploymentPostprocessing = 0;
		};
/* End PBXSourcesBuildPhase section */

/* Begin PBXTargetDependency section */
		7226FA622C22D8A000226D79 /* PBXTargetDependency */ = {
			isa = PBXTargetDependency;
			target = 7226FA542C22D8A000226D79 /* NetworkModule */;
			targetProxy = 7226FA612C22D8A000226D79 /* PBXContainerItemProxy */;
		};
/* End PBXTargetDependency section */

/* Begin XCBuildConfiguration section */
		7226FA672C22D8A000226D79 /* Debug */ = {
			isa = XCBuildConfiguration;
			buildSettings = {
				ALWAYS_SEARCH_USER_PATHS = NO;
				ASSETCATALOG_COMPILER_GENERATE_SWIFT_ASSET_SYMBOL_EXTENSIONS = YES;
				CLANG_ANALYZER_NONNULL = YES;
				CLANG_ANALYZER_NUMBER_OBJECT_CONVERSION = YES_AGGRESSIVE;
				CLANG_CXX_LANGUAGE_STANDARD = "gnu++20";
				CLANG_ENABLE_MODULES = YES;
				CLANG_ENABLE_OBJC_ARC = YES;
				CLANG_ENABLE_OBJC_WEAK = YES;
				CLANG_WARN_BLOCK_CAPTURE_AUTORELEASING = YES;
				CLANG_WARN_BOOL_CONVERSION = YES;
				CLANG_WARN_COMMA = YES;
				CLANG_WARN_CONSTANT_CONVERSION = YES;
				CLANG_WARN_DEPRECATED_OBJC_IMPLEMENTATIONS = YES;
				CLANG_WARN_DIRECT_OBJC_ISA_USAGE = YES_ERROR;
				CLANG_WARN_DOCUMENTATION_COMMENTS = YES;
				CLANG_WARN_EMPTY_BODY = YES;
				CLANG_WARN_ENUM_CONVERSION = YES;
				CLANG_WARN_INFINITE_RECURSION = YES;
				CLANG_WARN_INT_CONVERSION = YES;
				CLANG_WARN_NON_LITERAL_NULL_CONVERSION = YES;
				CLANG_WARN_OBJC_IMPLICIT_RETAIN_SELF = YES;
				CLANG_WARN_OBJC_LITERAL_CONVERSION = YES;
				CLANG_WARN_OBJC_ROOT_CLASS = YES_ERROR;
				CLANG_WARN_QUOTED_INCLUDE_IN_FRAMEWORK_HEADER = YES;
				CLANG_WARN_RANGE_LOOP_ANALYSIS = YES;
				CLANG_WARN_STRICT_PROTOTYPES = YES;
				CLANG_WARN_SUSPICIOUS_MOVE = YES;
				CLANG_WARN_UNGUARDED_AVAILABILITY = YES_AGGRESSIVE;
				CLANG_WARN_UNREACHABLE_CODE = YES;
				CLANG_WARN__DUPLICATE_METHOD_MATCH = YES;
				COPY_PHASE_STRIP = NO;
				CURRENT_PROJECT_VERSION = 1;
				DEBUG_INFORMATION_FORMAT = dwarf;
				ENABLE_STRICT_OBJC_MSGSEND = YES;
				ENABLE_TESTABILITY = YES;
				ENABLE_USER_SCRIPT_SANDBOXING = YES;
				GCC_C_LANGUAGE_STANDARD = gnu17;
				GCC_DYNAMIC_NO_PIC = NO;
				GCC_NO_COMMON_BLOCKS = YES;
				GCC_OPTIMIZATION_LEVEL = 0;
				GCC_PREPROCESSOR_DEFINITIONS = (
					"DEBUG=1",
					"$(inherited)",
				);
				GCC_WARN_64_TO_32_BIT_CONVERSION = YES;
				GCC_WARN_ABOUT_RETURN_TYPE = YES_ERROR;
				GCC_WARN_UNDECLARED_SELECTOR = YES;
				GCC_WARN_UNINITIALIZED_AUTOS = YES_AGGRESSIVE;
				GCC_WARN_UNUSED_FUNCTION = YES;
				GCC_WARN_UNUSED_VARIABLE = YES;
				IPHONEOS_DEPLOYMENT_TARGET = 17.5;
				LOCALIZATION_PREFERS_STRING_CATALOGS = YES;
				MTL_ENABLE_DEBUG_INFO = INCLUDE_SOURCE;
				MTL_FAST_MATH = YES;
				ONLY_ACTIVE_ARCH = YES;
				SDKROOT = iphoneos;
				SWIFT_ACTIVE_COMPILATION_CONDITIONS = "DEBUG $(inherited)";
				SWIFT_OPTIMIZATION_LEVEL = "-Onone";
				VERSIONING_SYSTEM = "apple-generic";
				VERSION_INFO_PREFIX = "";
			};
			name = Debug;
		};
		7226FA682C22D8A000226D79 /* Release */ = {
			isa = XCBuildConfiguration;
			buildSettings = {
				ALWAYS_SEARCH_USER_PATHS = NO;
				ASSETCATALOG_COMPILER_GENERATE_SWIFT_ASSET_SYMBOL_EXTENSIONS = YES;
				CLANG_ANALYZER_NONNULL = YES;
				CLANG_ANALYZER_NUMBER_OBJECT_CONVERSION = YES_AGGRESSIVE;
				CLANG_CXX_LANGUAGE_STANDARD = "gnu++20";
				CLANG_ENABLE_MODULES = YES;
				CLANG_ENABLE_OBJC_ARC = YES;
				CLANG_ENABLE_OBJC_WEAK = YES;
				CLANG_WARN_BLOCK_CAPTURE_AUTORELEASING = YES;
				CLANG_WARN_BOOL_CONVERSION = YES;
				CLANG_WARN_COMMA = YES;
				CLANG_WARN_CONSTANT_CONVERSION = YES;
				CLANG_WARN_DEPRECATED_OBJC_IMPLEMENTATIONS = YES;
				CLANG_WARN_DIRECT_OBJC_ISA_USAGE = YES_ERROR;
				CLANG_WARN_DOCUMENTATION_COMMENTS = YES;
				CLANG_WARN_EMPTY_BODY = YES;
				CLANG_WARN_ENUM_CONVERSION = YES;
				CLANG_WARN_INFINITE_RECURSION = YES;
				CLANG_WARN_INT_CONVERSION = YES;
				CLANG_WARN_NON_LITERAL_NULL_CONVERSION = YES;
				CLANG_WARN_OBJC_IMPLICIT_RETAIN_SELF = YES;
				CLANG_WARN_OBJC_LITERAL_CONVERSION = YES;
				CLANG_WARN_OBJC_ROOT_CLASS = YES_ERROR;
				CLANG_WARN_QUOTED_INCLUDE_IN_FRAMEWORK_HEADER = YES;
				CLANG_WARN_RANGE_LOOP_ANALYSIS = YES;
				CLANG_WARN_STRICT_PROTOTYPES = YES;
				CLANG_WARN_SUSPICIOUS_MOVE = YES;
				CLANG_WARN_UNGUARDED_AVAILABILITY = YES_AGGRESSIVE;
				CLANG_WARN_UNREACHABLE_CODE = YES;
				CLANG_WARN__DUPLICATE_METHOD_MATCH = YES;
				COPY_PHASE_STRIP = NO;
				CURRENT_PROJECT_VERSION = 1;
				DEBUG_INFORMATION_FORMAT = "dwarf-with-dsym";
				ENABLE_NS_ASSERTIONS = NO;
				ENABLE_STRICT_OBJC_MSGSEND = YES;
				ENABLE_USER_SCRIPT_SANDBOXING = YES;
				GCC_C_LANGUAGE_STANDARD = gnu17;
				GCC_NO_COMMON_BLOCKS = YES;
				GCC_WARN_64_TO_32_BIT_CONVERSION = YES;
				GCC_WARN_ABOUT_RETURN_TYPE = YES_ERROR;
				GCC_WARN_UNDECLARED_SELECTOR = YES;
				GCC_WARN_UNINITIALIZED_AUTOS = YES_AGGRESSIVE;
				GCC_WARN_UNUSED_FUNCTION = YES;
				GCC_WARN_UNUSED_VARIABLE = YES;
				IPHONEOS_DEPLOYMENT_TARGET = 17.5;
				LOCALIZATION_PREFERS_STRING_CATALOGS = YES;
				MTL_ENABLE_DEBUG_INFO = NO;
				MTL_FAST_MATH = YES;
				SDKROOT = iphoneos;
				SWIFT_COMPILATION_MODE = wholemodule;
				VALIDATE_PRODUCT = YES;
				VERSIONING_SYSTEM = "apple-generic";
				VERSION_INFO_PREFIX = "";
			};
			name = Release;
		};
		7226FA6A2C22D8A000226D79 /* Debug */ = {
			isa = XCBuildConfiguration;
			baseConfigurationReference = B189B9887B2269132D0C1C3E /* Pods-iOSExerciseBNI-NetworkModule.debug.xcconfig */;
			buildSettings = {
				BUILD_LIBRARY_FOR_DISTRIBUTION = YES;
				CODE_SIGN_STYLE = Automatic;
				CURRENT_PROJECT_VERSION = 1;
				DEFINES_MODULE = YES;
				DEVELOPMENT_TEAM = 5Z6Q8ZG6J4;
				DYLIB_COMPATIBILITY_VERSION = 1;
				DYLIB_CURRENT_VERSION = 1;
				DYLIB_INSTALL_NAME_BASE = "@rpath";
				ENABLE_MODULE_VERIFIER = YES;
				GENERATE_INFOPLIST_FILE = YES;
				INFOPLIST_KEY_NSHumanReadableCopyright = "";
				INSTALL_PATH = "$(LOCAL_LIBRARY_DIR)/Frameworks";
				LD_RUNPATH_SEARCH_PATHS = (
					"$(inherited)",
					"@executable_path/Frameworks",
					"@loader_path/Frameworks",
				);
				MARKETING_VERSION = 1.0;
				MODULE_VERIFIER_SUPPORTED_LANGUAGES = "objective-c objective-c++";
				MODULE_VERIFIER_SUPPORTED_LANGUAGE_STANDARDS = "gnu17 gnu++20";
				PRODUCT_BUNDLE_IDENTIFIER = com.jacobandrean.NetworkModule;
				PRODUCT_NAME = "$(TARGET_NAME:c99extidentifier)";
				SKIP_INSTALL = YES;
				SWIFT_EMIT_LOC_STRINGS = YES;
				SWIFT_INSTALL_OBJC_HEADER = NO;
				SWIFT_VERSION = 5.0;
				TARGETED_DEVICE_FAMILY = "1,2";
			};
			name = Debug;
		};
		7226FA6B2C22D8A000226D79 /* Release */ = {
			isa = XCBuildConfiguration;
			baseConfigurationReference = 7AD36ECF1CA113DFD68E7FE7 /* Pods-iOSExerciseBNI-NetworkModule.release.xcconfig */;
			buildSettings = {
				BUILD_LIBRARY_FOR_DISTRIBUTION = YES;
				CODE_SIGN_STYLE = Automatic;
				CURRENT_PROJECT_VERSION = 1;
				DEFINES_MODULE = YES;
				DEVELOPMENT_TEAM = 5Z6Q8ZG6J4;
				DYLIB_COMPATIBILITY_VERSION = 1;
				DYLIB_CURRENT_VERSION = 1;
				DYLIB_INSTALL_NAME_BASE = "@rpath";
				ENABLE_MODULE_VERIFIER = YES;
				GENERATE_INFOPLIST_FILE = YES;
				INFOPLIST_KEY_NSHumanReadableCopyright = "";
				INSTALL_PATH = "$(LOCAL_LIBRARY_DIR)/Frameworks";
				LD_RUNPATH_SEARCH_PATHS = (
					"$(inherited)",
					"@executable_path/Frameworks",
					"@loader_path/Frameworks",
				);
				MARKETING_VERSION = 1.0;
				MODULE_VERIFIER_SUPPORTED_LANGUAGES = "objective-c objective-c++";
				MODULE_VERIFIER_SUPPORTED_LANGUAGE_STANDARDS = "gnu17 gnu++20";
				PRODUCT_BUNDLE_IDENTIFIER = com.jacobandrean.NetworkModule;
				PRODUCT_NAME = "$(TARGET_NAME:c99extidentifier)";
				SKIP_INSTALL = YES;
				SWIFT_EMIT_LOC_STRINGS = YES;
				SWIFT_INSTALL_OBJC_HEADER = NO;
				SWIFT_VERSION = 5.0;
				TARGETED_DEVICE_FAMILY = "1,2";
			};
			name = Release;
		};
		7226FA6D2C22D8A000226D79 /* Debug */ = {
			isa = XCBuildConfiguration;
			buildSettings = {
				ALWAYS_EMBED_SWIFT_STANDARD_LIBRARIES = YES;
				CODE_SIGN_STYLE = Automatic;
				CURRENT_PROJECT_VERSION = 1;
				DEVELOPMENT_TEAM = 5Z6Q8ZG6J4;
				GENERATE_INFOPLIST_FILE = YES;
				MARKETING_VERSION = 1.0;
				PRODUCT_BUNDLE_IDENTIFIER = com.jacobandrean.NetworkModuleTests;
				PRODUCT_NAME = "$(TARGET_NAME)";
				SWIFT_EMIT_LOC_STRINGS = NO;
				SWIFT_VERSION = 5.0;
				TARGETED_DEVICE_FAMILY = "1,2";
			};
			name = Debug;
		};
		7226FA6E2C22D8A000226D79 /* Release */ = {
			isa = XCBuildConfiguration;
			buildSettings = {
				ALWAYS_EMBED_SWIFT_STANDARD_LIBRARIES = YES;
				CODE_SIGN_STYLE = Automatic;
				CURRENT_PROJECT_VERSION = 1;
				DEVELOPMENT_TEAM = 5Z6Q8ZG6J4;
				GENERATE_INFOPLIST_FILE = YES;
				MARKETING_VERSION = 1.0;
				PRODUCT_BUNDLE_IDENTIFIER = com.jacobandrean.NetworkModuleTests;
				PRODUCT_NAME = "$(TARGET_NAME)";
				SWIFT_EMIT_LOC_STRINGS = NO;
				SWIFT_VERSION = 5.0;
				TARGETED_DEVICE_FAMILY = "1,2";
			};
			name = Release;
		};
/* End XCBuildConfiguration section */

/* Begin XCConfigurationList section */
		7226FA4F2C22D8A000226D79 /* Build configuration list for PBXProject "NetworkModule" */ = {
			isa = XCConfigurationList;
			buildConfigurations = (
				7226FA672C22D8A000226D79 /* Debug */,
				7226FA682C22D8A000226D79 /* Release */,
			);
			defaultConfigurationIsVisible = 0;
			defaultConfigurationName = Release;
		};
		7226FA692C22D8A000226D79 /* Build configuration list for PBXNativeTarget "NetworkModule" */ = {
			isa = XCConfigurationList;
			buildConfigurations = (
				7226FA6A2C22D8A000226D79 /* Debug */,
				7226FA6B2C22D8A000226D79 /* Release */,
			);
			defaultConfigurationIsVisible = 0;
			defaultConfigurationName = Release;
		};
		7226FA6C2C22D8A000226D79 /* Build configuration list for PBXNativeTarget "NetworkModuleTests" */ = {
			isa = XCConfigurationList;
			buildConfigurations = (
				7226FA6D2C22D8A000226D79 /* Debug */,
				7226FA6E2C22D8A000226D79 /* Release */,
			);
			defaultConfigurationIsVisible = 0;
			defaultConfigurationName = Release;
		};
/* End XCConfigurationList section */
	};
	rootObject = 7226FA4C2C22D8A000226D79 /* Project object */;
}
